# This file is automatically @generated by Poetry 1.8.3 and should not be changed by hand.

[[package]]
name = "imap-tools"
version = "1.7.0"
description = "Work with email by IMAP"
optional = false
python-versions = "*"
files = [
    {file = "imap-tools-1.7.0.tar.gz", hash = "sha256:2c8208bec28a4b47fa3146f7e94862e58ed00de77131e44325527c0cbe6124b3"},
    {file = "imap_tools-1.7.0-py3-none-any.whl", hash = "sha256:bee29ab3adb21e57dffb9d7966b1169e6ffc66b5f0e7dd26bfb4bf9a95e5e028"},
]

[[package]]
name = "python-dotenv"
version = "1.0.1"
description = "Read key-value pairs from a .env file and set them as environment variables"
optional = false
python-versions = ">=3.8"
files = [
    {file = "python-dotenv-1.0.1.tar.gz", hash = "sha256:e324ee90a023d808f1959c46bcbc04446a10ced277783dc6ee09987c37ec10ca"},
    {file = "python_dotenv-1.0.1-py3-none-any.whl", hash = "sha256:f7b63ef50f1b690dddf550d03497b66d609393b40b564ed0d674909a68ebf16a"},
]

[package.extras]
cli = ["click (>=5.0)"]

[metadata]
lock-version = "2.0"
python-versions = "^3.12"
content-hash = "dbfbf096e62beea4c7d9b1e3ce8a4aeea2206dcd2c610bf2d9d8c3a9cf54d24b"
