# This file is automatically @generated by Poetry 1.8.3 and should not be changed by hand.

[[package]]
name = "imap-tools"
version = "1.7.0"
description = "Work with email by IMAP"
optional = false
python-versions = "*"
files = [
    {file = "imap-tools-1.7.0.tar.gz", hash = "sha256:2c8208bec28a4b47fa3146f7e94862e58ed00de77131e44325527c0cbe6124b3"},
    {file = "imap_tools-1.7.0-py3-none-any.whl", hash = "sha256:bee29ab3adb21e57dffb9d7966b1169e6ffc66b5f0e7dd26bfb4bf9a95e5e028"},
]

[metadata]
lock-version = "2.0"
python-versions = "^3.12"
content-hash = "82ea73be5711462f2e25891f6cc5c02388dc534c53eabcb806c4460ff04df1f9"
